
Microsoft Visual Studio Solution File, Format Version 12.00
# Visual Studio 15
VisualStudioVersion = 15.0.27703.2047
MinimumVisualStudioVersion = 10.0.40219.1
Project("{FAE04EC0-301F-11D3-BF4B-00C04F79EFBC}") = "GestioanireDesStages", "GestioanireDesStages\GestioanireDesStages.csproj", "{6CEB4DC8-6D87-44D2-9B77-991E11A55CA1}"
EndProject
Global
	GlobalSection(SolutionConfigurationPlatforms) = preSolution
		Debug|Any CPU = Debug|Any CPU
		Release|Any CPU = Release|Any CPU
	EndGlobalSection
	GlobalSection(ProjectConfigurationPlatforms) = postSolution
		{6CEB4DC8-6D87-44D2-9B77-991E11A55CA1}.Debug|Any CPU.ActiveCfg = Debug|Any CPU
		{6CEB4DC8-6D87-44D2-9B77-991E11A55CA1}.Debug|Any CPU.Build.0 = Debug|Any CPU
		{6CEB4DC8-6D87-44D2-9B77-991E11A55CA1}.Release|Any CPU.ActiveCfg = Release|Any CPU
		{6CEB4DC8-6D87-44D2-9B77-991E11A55CA1}.Release|Any CPU.Build.0 = Release|Any CPU
	EndGlobalSection
	GlobalSection(SolutionProperties) = preSolution
		HideSolutionNode = FALSE
	EndGlobalSection
	GlobalSection(ExtensibilityGlobals) = postSolution
		SolutionGuid = {3916512D-CDEC-435E-838C-A1CD19DC0E06}
	EndGlobalSection
EndGlobal
